
Microsoft Visual Studio Solution File, Format Version 12.00
# Visual Studio Version 16
VisualStudioVersion = 16.0.29519.181
MinimumVisualStudioVersion = 10.0.40219.1
Project("{FAE04EC0-301F-11D3-BF4B-00C04F79EFBC}") = "FarBank.RioSpecs.Web", "FarBank.RioSpecs.Web\FarBank.RioSpecs.Web.csproj", "{41BA7CF9-565C-4EE2-9A76-8E4AC8807717}"
EndProject
Global
	GlobalSection(SolutionConfigurationPlatforms) = preSolution
		Debug|Any CPU = Debug|Any CPU
		Release|Any CPU = Release|Any CPU
	EndGlobalSection
	GlobalSection(ProjectConfigurationPlatforms) = postSolution
		{41BA7CF9-565C-4EE2-9A76-8E4AC8807717}.Debug|Any CPU.ActiveCfg = Debug|Any CPU
		{41BA7CF9-565C-4EE2-9A76-8E4AC8807717}.Debug|Any CPU.Build.0 = Debug|Any CPU
		{41BA7CF9-565C-4EE2-9A76-8E4AC8807717}.Release|Any CPU.ActiveCfg = Release|Any CPU
		{41BA7CF9-565C-4EE2-9A76-8E4AC8807717}.Release|Any CPU.Build.0 = Release|Any CPU
	EndGlobalSection
	GlobalSection(SolutionProperties) = preSolution
		HideSolutionNode = FALSE
	EndGlobalSection
	GlobalSection(ExtensibilityGlobals) = postSolution
		SolutionGuid = {5DD9FB26-CC24-4633-A47E-D231F7C68449}
	EndGlobalSection
EndGlobal
